
Microsoft Visual Studio Solution File, Format Version 12.00
# Visual Studio Version 17
VisualStudioVersion = 17.3.32929.385
MinimumVisualStudioVersion = 10.0.40219.1
Project("{FAE04EC0-301F-11D3-BF4B-00C04F79EFBC}") = "Farm", "Inheritance\Farm.csproj", "{7E63D750-6ABB-4563-A221-997854BF7170}"
EndProject
Global
	GlobalSection(SolutionConfigurationPlatforms) = preSolution
		Debug|Any CPU = Debug|Any CPU
		Release|Any CPU = Release|Any CPU
	EndGlobalSection
	GlobalSection(ProjectConfigurationPlatforms) = postSolution
		{7E63D750-6ABB-4563-A221-997854BF7170}.Debug|Any CPU.ActiveCfg = Debug|Any CPU
		{7E63D750-6ABB-4563-A221-997854BF7170}.Debug|Any CPU.Build.0 = Debug|Any CPU
		{7E63D750-6ABB-4563-A221-997854BF7170}.Release|Any CPU.ActiveCfg = Release|Any CPU
		{7E63D750-6ABB-4563-A221-997854BF7170}.Release|Any CPU.Build.0 = Release|Any CPU
	EndGlobalSection
	GlobalSection(SolutionProperties) = preSolution
		HideSolutionNode = FALSE
	EndGlobalSection
	GlobalSection(ExtensibilityGlobals) = postSolution
		SolutionGuid = {B67DAD3B-8B8C-4FEA-BE15-9400B0EE15B6}
	EndGlobalSection
EndGlobal
