
Microsoft Visual Studio Solution File, Format Version 12.00
# Visual Studio Version 17
VisualStudioVersion = 17.4.33213.308
MinimumVisualStudioVersion = 10.0.40219.1
Project("{9A19103F-16F7-4668-BE54-9A1E7A4F7556}") = "UniversityCompetition", "UniversityCompetition\UniversityCompetition.csproj", "{F2E1675E-22E8-4DD5-B256-F7579692903E}"
EndProject
Global
	GlobalSection(SolutionConfigurationPlatforms) = preSolution
		Debug|Any CPU = Debug|Any CPU
		Release|Any CPU = Release|Any CPU
	EndGlobalSection
	GlobalSection(ProjectConfigurationPlatforms) = postSolution
		{F2E1675E-22E8-4DD5-B256-F7579692903E}.Debug|Any CPU.ActiveCfg = Debug|Any CPU
		{F2E1675E-22E8-4DD5-B256-F7579692903E}.Debug|Any CPU.Build.0 = Debug|Any CPU
		{F2E1675E-22E8-4DD5-B256-F7579692903E}.Release|Any CPU.ActiveCfg = Release|Any CPU
		{F2E1675E-22E8-4DD5-B256-F7579692903E}.Release|Any CPU.Build.0 = Release|Any CPU
	EndGlobalSection
	GlobalSection(SolutionProperties) = preSolution
		HideSolutionNode = FALSE
	EndGlobalSection
	GlobalSection(ExtensibilityGlobals) = postSolution
		SolutionGuid = {29FB1ED6-0A32-426B-8A5E-E9B3A7D4FBE1}
	EndGlobalSection
EndGlobal
