
Microsoft Visual Studio Solution File, Format Version 12.00
# Visual Studio Version 17
VisualStudioVersion = 17.4.33213.308
MinimumVisualStudioVersion = 10.0.40219.1
Project("{FAE04EC0-301F-11D3-BF4B-00C04F79EFBC}") = "Blacksmith", "Blacksmith\Blacksmith.csproj", "{2D9B7458-F156-45DB-BE46-A2C655B12142}"
EndProject
Global
	GlobalSection(SolutionConfigurationPlatforms) = preSolution
		Debug|Any CPU = Debug|Any CPU
		Release|Any CPU = Release|Any CPU
	EndGlobalSection
	GlobalSection(ProjectConfigurationPlatforms) = postSolution
		{2D9B7458-F156-45DB-BE46-A2C655B12142}.Debug|Any CPU.ActiveCfg = Debug|Any CPU
		{2D9B7458-F156-45DB-BE46-A2C655B12142}.Debug|Any CPU.Build.0 = Debug|Any CPU
		{2D9B7458-F156-45DB-BE46-A2C655B12142}.Release|Any CPU.ActiveCfg = Release|Any CPU
		{2D9B7458-F156-45DB-BE46-A2C655B12142}.Release|Any CPU.Build.0 = Release|Any CPU
	EndGlobalSection
	GlobalSection(SolutionProperties) = preSolution
		HideSolutionNode = FALSE
	EndGlobalSection
	GlobalSection(ExtensibilityGlobals) = postSolution
		SolutionGuid = {352A980C-E803-43F3-9C67-70A5BF37CDCC}
	EndGlobalSection
EndGlobal
