
Microsoft Visual Studio Solution File, Format Version 12.00
# Visual Studio Version 17
VisualStudioVersion = 17.3.32929.385
MinimumVisualStudioVersion = 10.0.40219.1
Project("{9A19103F-16F7-4668-BE54-9A1E7A4F7556}") = "Shapes", "InterfacesAndAbstractions\Shapes.csproj", "{2CE9A00B-5429-4EE1-A291-12CCBF0079F9}"
EndProject
Project("{FAE04EC0-301F-11D3-BF4B-00C04F79EFBC}") = "Cars", "Cars\Cars.csproj", "{80426B73-9D90-4636-B533-9719C3321073}"
EndProject
Global
	GlobalSection(SolutionConfigurationPlatforms) = preSolution
		Debug|Any CPU = Debug|Any CPU
		Release|Any CPU = Release|Any CPU
	EndGlobalSection
	GlobalSection(ProjectConfigurationPlatforms) = postSolution
		{2CE9A00B-5429-4EE1-A291-12CCBF0079F9}.Debug|Any CPU.ActiveCfg = Debug|Any CPU
		{2CE9A00B-5429-4EE1-A291-12CCBF0079F9}.Debug|Any CPU.Build.0 = Debug|Any CPU
		{2CE9A00B-5429-4EE1-A291-12CCBF0079F9}.Release|Any CPU.ActiveCfg = Release|Any CPU
		{2CE9A00B-5429-4EE1-A291-12CCBF0079F9}.Release|Any CPU.Build.0 = Release|Any CPU
		{80426B73-9D90-4636-B533-9719C3321073}.Debug|Any CPU.ActiveCfg = Debug|Any CPU
		{80426B73-9D90-4636-B533-9719C3321073}.Debug|Any CPU.Build.0 = Debug|Any CPU
		{80426B73-9D90-4636-B533-9719C3321073}.Release|Any CPU.ActiveCfg = Release|Any CPU
		{80426B73-9D90-4636-B533-9719C3321073}.Release|Any CPU.Build.0 = Release|Any CPU
	EndGlobalSection
	GlobalSection(SolutionProperties) = preSolution
		HideSolutionNode = FALSE
	EndGlobalSection
	GlobalSection(ExtensibilityGlobals) = postSolution
		SolutionGuid = {7D640D5A-973B-4723-931B-B24147E86468}
	EndGlobalSection
EndGlobal
