
Microsoft Visual Studio Solution File, Format Version 12.00
# Visual Studio Version 17
VisualStudioVersion = 17.4.33213.308
MinimumVisualStudioVersion = 10.0.40219.1
Project("{FAE04EC0-301F-11D3-BF4B-00C04F79EFBC}") = "ComputerArchitecture", "ComputerArchitecture\ComputerArchitecture.csproj", "{BCCF973B-A391-46AE-8249-9FFBE9F51F49}"
EndProject
Global
	GlobalSection(SolutionConfigurationPlatforms) = preSolution
		Debug|Any CPU = Debug|Any CPU
		Release|Any CPU = Release|Any CPU
	EndGlobalSection
	GlobalSection(ProjectConfigurationPlatforms) = postSolution
		{BCCF973B-A391-46AE-8249-9FFBE9F51F49}.Debug|Any CPU.ActiveCfg = Debug|Any CPU
		{BCCF973B-A391-46AE-8249-9FFBE9F51F49}.Debug|Any CPU.Build.0 = Debug|Any CPU
		{BCCF973B-A391-46AE-8249-9FFBE9F51F49}.Release|Any CPU.ActiveCfg = Release|Any CPU
		{BCCF973B-A391-46AE-8249-9FFBE9F51F49}.Release|Any CPU.Build.0 = Release|Any CPU
	EndGlobalSection
	GlobalSection(SolutionProperties) = preSolution
		HideSolutionNode = FALSE
	EndGlobalSection
	GlobalSection(ExtensibilityGlobals) = postSolution
		SolutionGuid = {CF4745BA-4D29-4334-A3DE-8C03D74414E7}
	EndGlobalSection
EndGlobal
