
Microsoft Visual Studio Solution File, Format Version 12.00
# Visual Studio Version 17
VisualStudioVersion = 17.3.32929.385
MinimumVisualStudioVersion = 10.0.40219.1
Project("{FAE04EC0-301F-11D3-BF4B-00C04F79EFBC}") = "DefiningClasses", "Car Salesman\DefiningClasses.csproj", "{93DD40E4-21B2-4206-B955-FF21EEF4B850}"
EndProject
Global
	GlobalSection(SolutionConfigurationPlatforms) = preSolution
		Debug|Any CPU = Debug|Any CPU
		Release|Any CPU = Release|Any CPU
	EndGlobalSection
	GlobalSection(ProjectConfigurationPlatforms) = postSolution
		{93DD40E4-21B2-4206-B955-FF21EEF4B850}.Debug|Any CPU.ActiveCfg = Debug|Any CPU
		{93DD40E4-21B2-4206-B955-FF21EEF4B850}.Debug|Any CPU.Build.0 = Debug|Any CPU
		{93DD40E4-21B2-4206-B955-FF21EEF4B850}.Release|Any CPU.ActiveCfg = Release|Any CPU
		{93DD40E4-21B2-4206-B955-FF21EEF4B850}.Release|Any CPU.Build.0 = Release|Any CPU
	EndGlobalSection
	GlobalSection(SolutionProperties) = preSolution
		HideSolutionNode = FALSE
	EndGlobalSection
	GlobalSection(ExtensibilityGlobals) = postSolution
		SolutionGuid = {2DC2AC0B-82CA-4ECC-9A60-69774A199E36}
	EndGlobalSection
EndGlobal
