
Microsoft Visual Studio Solution File, Format Version 12.00
# Visual Studio Version 17
VisualStudioVersion = 17.3.32929.385
MinimumVisualStudioVersion = 10.0.40219.1
Project("{FAE04EC0-301F-11D3-BF4B-00C04F79EFBC}") = "Library", "Library\Library.csproj", "{0C335DAD-4B9B-428B-83DC-64B81AFF288E}"
EndProject
Global
	GlobalSection(SolutionConfigurationPlatforms) = preSolution
		Debug|Any CPU = Debug|Any CPU
		Release|Any CPU = Release|Any CPU
	EndGlobalSection
	GlobalSection(ProjectConfigurationPlatforms) = postSolution
		{0C335DAD-4B9B-428B-83DC-64B81AFF288E}.Debug|Any CPU.ActiveCfg = Debug|Any CPU
		{0C335DAD-4B9B-428B-83DC-64B81AFF288E}.Debug|Any CPU.Build.0 = Debug|Any CPU
		{0C335DAD-4B9B-428B-83DC-64B81AFF288E}.Release|Any CPU.ActiveCfg = Release|Any CPU
		{0C335DAD-4B9B-428B-83DC-64B81AFF288E}.Release|Any CPU.Build.0 = Release|Any CPU
	EndGlobalSection
	GlobalSection(SolutionProperties) = preSolution
		HideSolutionNode = FALSE
	EndGlobalSection
	GlobalSection(ExtensibilityGlobals) = postSolution
		SolutionGuid = {A77A9EFA-E694-48B2-B707-85AC786824C3}
	EndGlobalSection
EndGlobal
