
Microsoft Visual Studio Solution File, Format Version 12.00
# Visual Studio Version 17
VisualStudioVersion = 17.3.32929.385
MinimumVisualStudioVersion = 10.0.40219.1
Project("{FAE04EC0-301F-11D3-BF4B-00C04F79EFBC}") = "CustomRandomList", "RandomList\CustomRandomList.csproj", "{48E4C1F2-FF82-4CF9-874C-5B89850CA3CD}"
EndProject
Global
	GlobalSection(SolutionConfigurationPlatforms) = preSolution
		Debug|Any CPU = Debug|Any CPU
		Release|Any CPU = Release|Any CPU
	EndGlobalSection
	GlobalSection(ProjectConfigurationPlatforms) = postSolution
		{48E4C1F2-FF82-4CF9-874C-5B89850CA3CD}.Debug|Any CPU.ActiveCfg = Debug|Any CPU
		{48E4C1F2-FF82-4CF9-874C-5B89850CA3CD}.Debug|Any CPU.Build.0 = Debug|Any CPU
		{48E4C1F2-FF82-4CF9-874C-5B89850CA3CD}.Release|Any CPU.ActiveCfg = Release|Any CPU
		{48E4C1F2-FF82-4CF9-874C-5B89850CA3CD}.Release|Any CPU.Build.0 = Release|Any CPU
	EndGlobalSection
	GlobalSection(SolutionProperties) = preSolution
		HideSolutionNode = FALSE
	EndGlobalSection
	GlobalSection(ExtensibilityGlobals) = postSolution
		SolutionGuid = {F2C0845E-A9B0-44B4-A406-1E566A9D91E1}
	EndGlobalSection
EndGlobal
